
Microsoft Visual Studio Solution File, Format Version 12.00
# Visual Studio Version 17
VisualStudioVersion = 17.6.33829.357
MinimumVisualStudioVersion = 10.0.40219.1
Project("{FAE04EC0-301F-11D3-BF4B-00C04F79EFBC}") = "LastFilm-Web-App", "LastFilm-Web-App\LastFilm-Web-App.csproj", "{ABDFAD5E-8963-42CA-8935-315F0052DBD1}"
EndProject
Global
	GlobalSection(SolutionConfigurationPlatforms) = preSolution
		Debug|Any CPU = Debug|Any CPU
		Release|Any CPU = Release|Any CPU
	EndGlobalSection
	GlobalSection(ProjectConfigurationPlatforms) = postSolution
		{ABDFAD5E-8963-42CA-8935-315F0052DBD1}.Debug|Any CPU.ActiveCfg = Debug|Any CPU
		{ABDFAD5E-8963-42CA-8935-315F0052DBD1}.Debug|Any CPU.Build.0 = Debug|Any CPU
		{ABDFAD5E-8963-42CA-8935-315F0052DBD1}.Release|Any CPU.ActiveCfg = Release|Any CPU
		{ABDFAD5E-8963-42CA-8935-315F0052DBD1}.Release|Any CPU.Build.0 = Release|Any CPU
	EndGlobalSection
	GlobalSection(SolutionProperties) = preSolution
		HideSolutionNode = FALSE
	EndGlobalSection
	GlobalSection(ExtensibilityGlobals) = postSolution
		SolutionGuid = {074DDF68-CF8C-40CD-84F4-7AE1B9514A42}
	EndGlobalSection
EndGlobal
